
Microsoft Visual Studio Solution File, Format Version 12.00
# Visual Studio Version 17
VisualStudioVersion = 17.2.32630.192
MinimumVisualStudioVersion = 10.0.40219.1
Project("{FAE04EC0-301F-11D3-BF4B-00C04F79EFBC}") = "toysapp", "WebApplication1\toysapp.csproj", "{4349860B-8020-415D-B1B8-676B4D09D849}"
EndProject
Project("{FAE04EC0-301F-11D3-BF4B-00C04F79EFBC}") = "ToysStoreApi", "ToysStoreApi\ToysStoreApi.csproj", "{D37BD82E-F09D-4C42-9A5A-6FAC8640FEEF}"
EndProject
Global
	GlobalSection(SolutionConfigurationPlatforms) = preSolution
		Debug|Any CPU = Debug|Any CPU
		Release|Any CPU = Release|Any CPU
	EndGlobalSection
	GlobalSection(ProjectConfigurationPlatforms) = postSolution
		{4349860B-8020-415D-B1B8-676B4D09D849}.Debug|Any CPU.ActiveCfg = Debug|Any CPU
		{4349860B-8020-415D-B1B8-676B4D09D849}.Debug|Any CPU.Build.0 = Debug|Any CPU
		{4349860B-8020-415D-B1B8-676B4D09D849}.Release|Any CPU.ActiveCfg = Release|Any CPU
		{4349860B-8020-415D-B1B8-676B4D09D849}.Release|Any CPU.Build.0 = Release|Any CPU
		{D37BD82E-F09D-4C42-9A5A-6FAC8640FEEF}.Debug|Any CPU.ActiveCfg = Debug|Any CPU
		{D37BD82E-F09D-4C42-9A5A-6FAC8640FEEF}.Debug|Any CPU.Build.0 = Debug|Any CPU
		{D37BD82E-F09D-4C42-9A5A-6FAC8640FEEF}.Release|Any CPU.ActiveCfg = Release|Any CPU
		{D37BD82E-F09D-4C42-9A5A-6FAC8640FEEF}.Release|Any CPU.Build.0 = Release|Any CPU
	EndGlobalSection
	GlobalSection(SolutionProperties) = preSolution
		HideSolutionNode = FALSE
	EndGlobalSection
	GlobalSection(ExtensibilityGlobals) = postSolution
		SolutionGuid = {4EA7EE8C-E5C4-4F3E-8951-825E2B534DDB}
	EndGlobalSection
EndGlobal
